
Microsoft Visual Studio Solution File, Format Version 12.00
# Visual Studio Version 17
VisualStudioVersion = 17.8.34330.188
MinimumVisualStudioVersion = 10.0.40219.1
Project("{F184B08F-C81C-45F6-A57F-5ABD9991F28F}") = "CAL", "CAL.vbproj", "{B8572BCD-8A68-47A8-83FE-78BBB04018A9}"
EndProject
Global
	GlobalSection(SolutionConfigurationPlatforms) = preSolution
		Debug|Any CPU = Debug|Any CPU
		Release|Any CPU = Release|Any CPU
	EndGlobalSection
	GlobalSection(ProjectConfigurationPlatforms) = postSolution
		{B8572BCD-8A68-47A8-83FE-78BBB04018A9}.Debug|Any CPU.ActiveCfg = Debug|Any CPU
		{B8572BCD-8A68-47A8-83FE-78BBB04018A9}.Debug|Any CPU.Build.0 = Debug|Any CPU
		{B8572BCD-8A68-47A8-83FE-78BBB04018A9}.Release|Any CPU.ActiveCfg = Release|Any CPU
		{B8572BCD-8A68-47A8-83FE-78BBB04018A9}.Release|Any CPU.Build.0 = Release|Any CPU
	EndGlobalSection
	GlobalSection(SolutionProperties) = preSolution
		HideSolutionNode = FALSE
	EndGlobalSection
	GlobalSection(ExtensibilityGlobals) = postSolution
		SolutionGuid = {9F953E84-C262-4B4B-917A-21E5021FB777}
	EndGlobalSection
EndGlobal
